
Microsoft Visual Studio Solution File, Format Version 12.00
# Visual Studio Version 17
VisualStudioVersion = 17.13.35818.85
MinimumVisualStudioVersion = 10.0.40219.1
Project("{2150E333-8FDC-42A3-9474-1A3956D46DE8}") = "Services", "Services", "{02EA681E-C7D8-13C7-8484-4AC65E1B71E8}"
EndProject
Project("{2150E333-8FDC-42A3-9474-1A3956D46DE8}") = "Catalog", "Catalog", "{4720AD83-DFB1-4B84-A6A6-D128B716E027}"
EndProject
Project("{FAE04EC0-301F-11D3-BF4B-00C04F79EFBC}") = "Catalog.API", "Services\Catalog\Catalog.API\Catalog.API.csproj", "{33FC5A32-CDDC-EE43-9CA6-483EA2BFBE99}"
EndProject
Project("{2150E333-8FDC-42A3-9474-1A3956D46DE8}") = "BuildingBlocks", "BuildingBlocks", "{2F27581A-9F9F-42AF-A673-16A6245152D8}"
EndProject
Project("{FAE04EC0-301F-11D3-BF4B-00C04F79EFBC}") = "BuildingBlocks", "BuildingBlocks\BuildingBlocks\BuildingBlocks.csproj", "{C1474486-C156-4A9F-A16A-30754FEBD232}"
EndProject
Project("{E53339B2-1760-4266-BCC7-CA923CBCF16C}") = "docker-compose", "docker-compose.dcproj", "{81DDED9D-158B-E303-5F62-77A2896D2A5A}"
EndProject
Project("{2150E333-8FDC-42A3-9474-1A3956D46DE8}") = "Basket", "Basket", "{7F35B462-5CEB-4B76-8606-2111C8E45EAE}"
EndProject
Project("{FAE04EC0-301F-11D3-BF4B-00C04F79EFBC}") = "Basket.API", "Services\Basket\Basket.API\Basket.API.csproj", "{1C706B4B-858B-48C1-9B34-C03B3E269858}"
EndProject
Project("{2150E333-8FDC-42A3-9474-1A3956D46DE8}") = "Discount", "Discount", "{0D7C0A01-E1B5-4FB6-AB24-0B85B372E557}"
EndProject
Project("{FAE04EC0-301F-11D3-BF4B-00C04F79EFBC}") = "Discount.Grpc", "Services\Discount\Discount.Grpc\Discount.Grpc.csproj", "{DE4A4FDD-B1B7-4584-9032-E3903071682F}"
EndProject
Project("{2150E333-8FDC-42A3-9474-1A3956D46DE8}") = "Ordering", "Ordering", "{88D421BA-336A-47F8-96F8-C02017C2EFDF}"
EndProject
Project("{FAE04EC0-301F-11D3-BF4B-00C04F79EFBC}") = "Ordering.API", "Services\Ordering\Ordering.API\Ordering.API.csproj", "{FD5D5123-7C65-4EBC-A03C-1412CB2CE574}"
EndProject
Global
	GlobalSection(SolutionConfigurationPlatforms) = preSolution
		Debug|Any CPU = Debug|Any CPU
		Release|Any CPU = Release|Any CPU
	EndGlobalSection
	GlobalSection(ProjectConfigurationPlatforms) = postSolution
		{33FC5A32-CDDC-EE43-9CA6-483EA2BFBE99}.Debug|Any CPU.ActiveCfg = Debug|Any CPU
		{33FC5A32-CDDC-EE43-9CA6-483EA2BFBE99}.Debug|Any CPU.Build.0 = Debug|Any CPU
		{33FC5A32-CDDC-EE43-9CA6-483EA2BFBE99}.Release|Any CPU.ActiveCfg = Release|Any CPU
		{33FC5A32-CDDC-EE43-9CA6-483EA2BFBE99}.Release|Any CPU.Build.0 = Release|Any CPU
		{C1474486-C156-4A9F-A16A-30754FEBD232}.Debug|Any CPU.ActiveCfg = Debug|Any CPU
		{C1474486-C156-4A9F-A16A-30754FEBD232}.Debug|Any CPU.Build.0 = Debug|Any CPU
		{C1474486-C156-4A9F-A16A-30754FEBD232}.Release|Any CPU.ActiveCfg = Release|Any CPU
		{C1474486-C156-4A9F-A16A-30754FEBD232}.Release|Any CPU.Build.0 = Release|Any CPU
		{81DDED9D-158B-E303-5F62-77A2896D2A5A}.Debug|Any CPU.ActiveCfg = Debug|Any CPU
		{81DDED9D-158B-E303-5F62-77A2896D2A5A}.Debug|Any CPU.Build.0 = Debug|Any CPU
		{81DDED9D-158B-E303-5F62-77A2896D2A5A}.Release|Any CPU.ActiveCfg = Release|Any CPU
		{81DDED9D-158B-E303-5F62-77A2896D2A5A}.Release|Any CPU.Build.0 = Release|Any CPU
		{1C706B4B-858B-48C1-9B34-C03B3E269858}.Debug|Any CPU.ActiveCfg = Debug|Any CPU
		{1C706B4B-858B-48C1-9B34-C03B3E269858}.Debug|Any CPU.Build.0 = Debug|Any CPU
		{1C706B4B-858B-48C1-9B34-C03B3E269858}.Release|Any CPU.ActiveCfg = Release|Any CPU
		{1C706B4B-858B-48C1-9B34-C03B3E269858}.Release|Any CPU.Build.0 = Release|Any CPU
		{DE4A4FDD-B1B7-4584-9032-E3903071682F}.Debug|Any CPU.ActiveCfg = Debug|Any CPU
		{DE4A4FDD-B1B7-4584-9032-E3903071682F}.Debug|Any CPU.Build.0 = Debug|Any CPU
		{DE4A4FDD-B1B7-4584-9032-E3903071682F}.Release|Any CPU.ActiveCfg = Release|Any CPU
		{DE4A4FDD-B1B7-4584-9032-E3903071682F}.Release|Any CPU.Build.0 = Release|Any CPU
		{FD5D5123-7C65-4EBC-A03C-1412CB2CE574}.Debug|Any CPU.ActiveCfg = Debug|Any CPU
		{FD5D5123-7C65-4EBC-A03C-1412CB2CE574}.Debug|Any CPU.Build.0 = Debug|Any CPU
		{FD5D5123-7C65-4EBC-A03C-1412CB2CE574}.Release|Any CPU.ActiveCfg = Release|Any CPU
		{FD5D5123-7C65-4EBC-A03C-1412CB2CE574}.Release|Any CPU.Build.0 = Release|Any CPU
	EndGlobalSection
	GlobalSection(SolutionProperties) = preSolution
		HideSolutionNode = FALSE
	EndGlobalSection
	GlobalSection(NestedProjects) = preSolution
		{4720AD83-DFB1-4B84-A6A6-D128B716E027} = {02EA681E-C7D8-13C7-8484-4AC65E1B71E8}
		{33FC5A32-CDDC-EE43-9CA6-483EA2BFBE99} = {4720AD83-DFB1-4B84-A6A6-D128B716E027}
		{C1474486-C156-4A9F-A16A-30754FEBD232} = {2F27581A-9F9F-42AF-A673-16A6245152D8}
		{7F35B462-5CEB-4B76-8606-2111C8E45EAE} = {02EA681E-C7D8-13C7-8484-4AC65E1B71E8}
		{1C706B4B-858B-48C1-9B34-C03B3E269858} = {7F35B462-5CEB-4B76-8606-2111C8E45EAE}
		{0D7C0A01-E1B5-4FB6-AB24-0B85B372E557} = {02EA681E-C7D8-13C7-8484-4AC65E1B71E8}
		{DE4A4FDD-B1B7-4584-9032-E3903071682F} = {0D7C0A01-E1B5-4FB6-AB24-0B85B372E557}
		{88D421BA-336A-47F8-96F8-C02017C2EFDF} = {02EA681E-C7D8-13C7-8484-4AC65E1B71E8}
		{FD5D5123-7C65-4EBC-A03C-1412CB2CE574} = {88D421BA-336A-47F8-96F8-C02017C2EFDF}
	EndGlobalSection
	GlobalSection(ExtensibilityGlobals) = postSolution
		SolutionGuid = {AD49E77D-B6F4-4F28-B01C-A1D44AB8FB90}
	EndGlobalSection
EndGlobal
